<?xml version="1.0" encoding="utf-8"?>
<Project ToolsVersion="4.0" xmlns="http://schemas.microsoft.com/developer/msbuild/2003">
  <ItemGroup>
    <Filter Include="Source Files">
      <UniqueIdentifier>{4FC737F1-C7A5-4376-A066-2A32D752A2FF}</UniqueIdentifier>
      <Extensions>cpp;c;cc;cxx;def;odl;idl;hpj;bat;asm;asmx</Extensions>
    </Filter>
    <Filter Include="Header Files">
      <UniqueIdentifier>{93995380-89BD-4b04-88EB-625FBE52EBFB}</UniqueIdentifier>
      <Extensions>h;hh;hpp;hxx;hm;inl;inc;xsd</Extensions>
    </Filter>
    <Filter Include="Resource Files">
      <UniqueIdentifier>{67DA6AB6-F800-4c08-8B7A-83BB121AAD01}</UniqueIdentifier>
      <Extensions>rc;ico;cur;bmp;dlg;rc2;rct;bin;rgs;gif;jpg;jpeg;jpe;resx;tiff;tif;png;wav;mfcribbon-ms</Extensions>
    </Filter>
    <Filter Include="Source Files\Server">
      <UniqueIdentifier>{642bb625-8f0a-4aa2-b480-c9740344074e}</UniqueIdentifier>
    </Filter>
    <Filter Include="Source Files\Server\Network">
      <UniqueIdentifier>{e7c93362-3238-4d47-8183-dfc3df722919}</UniqueIdentifier>
    </Filter>
    <Filter Include="Header Files\Server">
      <UniqueIdentifier>{5d7d2752-c742-428d-8f00-ef38e96dbb97}</UniqueIdentifier>
    </Filter>
    <Filter Include="Header Files\Server\Network">
      <UniqueIdentifier>{ce118951-b221-4209-8151-d4232dea7271}</UniqueIdentifier>
    </Filter>
    <Filter Include="Source Files\Objects">
      <UniqueIdentifier>{d3a9510b-2ed6-49e4-aaf3-e20bb3e48d50}</UniqueIdentifier>
    </Filter>
    <Filter Include="Source Files\DesignPatterns">
      <UniqueIdentifier>{ba729684-412b-4b07-9414-48e05842c4e6}</UniqueIdentifier>
    </Filter>
    <Filter Include="Header Files\DesignPatterns">
      <UniqueIdentifier>{0f6ed212-7f69-48a2-b77f-807c2d7cbf9c}</UniqueIdentifier>
    </Filter>
    <Filter Include="Header Files\Objects">
      <UniqueIdentifier>{74f8ad36-f31b-4d08-b3ac-c4baf7bf2389}</UniqueIdentifier>
    </Filter>
    <Filter Include="Header Files\UserInterface">
      <UniqueIdentifier>{c64e62c2-27ce-4108-8130-8e72222cbf0f}</UniqueIdentifier>
    </Filter>
    <Filter Include="Source Files\UserInterface">
      <UniqueIdentifier>{11546137-3fd4-4683-9f31-3263bd39c521}</UniqueIdentifier>
    </Filter>
  </ItemGroup>
  <ItemGroup>
    <Text Include="ReadMe.txt" />
  </ItemGroup>
  <ItemGroup>
    <ClInclude Include="stdafx.h">
      <Filter>Header Files</Filter>
    </ClInclude>
    <ClInclude Include="targetver.h">
      <Filter>Header Files</Filter>
    </ClInclude>
    <ClInclude Include="Server.h">
      <Filter>Header Files\Server</Filter>
    </ClInclude>
    <ClInclude Include="ServerNetwork.h">
      <Filter>Header Files\Server\Network</Filter>
    </ClInclude>
    <ClInclude Include="NetworkData.h">
      <Filter>Header Files\Server\Network</Filter>
    </ClInclude>
    <ClInclude Include="NetworkServices.h">
      <Filter>Header Files\Server\Network</Filter>
    </ClInclude>
    <ClInclude Include="Observer.h">
      <Filter>Header Files\DesignPatterns</Filter>
    </ClInclude>
    <ClInclude Include="State.h">
      <Filter>Header Files\DesignPatterns</Filter>
    </ClInclude>
    <ClInclude Include="Timer.h">
      <Filter>Header Files\Objects</Filter>
    </ClInclude>
    <ClInclude Include="CommandInterface.h">
      <Filter>Header Files\UserInterface</Filter>
    </ClInclude>
    <ClInclude Include="GUI.h">
      <Filter>Header Files\UserInterface</Filter>
    </ClInclude>
    <ClInclude Include="Alarm.h">
      <Filter>Header Files\Objects</Filter>
    </ClInclude>
  </ItemGroup>
  <ItemGroup>
    <ClCompile Include="stdafx.cpp">
      <Filter>Source Files</Filter>
    </ClCompile>
    <ClCompile Include="NetworkServices.cpp">
      <Filter>Source Files\Server\Network</Filter>
    </ClCompile>
    <ClCompile Include="Server.cpp">
      <Filter>Source Files\Server</Filter>
    </ClCompile>
    <ClCompile Include="ServerMain.cpp">
      <Filter>Source Files\Server</Filter>
    </ClCompile>
    <ClCompile Include="ServerNetwork.cpp">
      <Filter>Source Files\Server\Network</Filter>
    </ClCompile>
    <ClCompile Include="ServerStart.cpp">
      <Filter>Source Files\Server</Filter>
    </ClCompile>
    <ClCompile Include="Timer.cpp">
      <Filter>Source Files\Objects</Filter>
    </ClCompile>
    <ClCompile Include="Observer.cpp">
      <Filter>Source Files\DesignPatterns</Filter>
    </ClCompile>
    <ClCompile Include="State.cpp">
      <Filter>Source Files\DesignPatterns</Filter>
    </ClCompile>
    <ClCompile Include="CommandInterface.cpp">
      <Filter>Source Files\UserInterface</Filter>
    </ClCompile>
    <ClCompile Include="GUI.cpp">
      <Filter>Source Files\UserInterface</Filter>
    </ClCompile>
    <ClCompile Include="Alarm.cpp">
      <Filter>Source Files\Objects</Filter>
    </ClCompile>
  </ItemGroup>
</Project>